schema: '2.0'
stages:
  load_data:
    cmd: python src/stage_01_load_save.py --config=params.yaml
    deps:
    - path: src/stage_01_load_save.py
      hash: md5
      md5: 75368febdc3d928d86fbc446a7992d13
      size: 1688
    - path: src/utils/common_utils.py
      hash: md5
      md5: eb690a98a985f2cf4ffce2eec3991ece
      size: 1253
    params:
      params.yaml:
        artifacts.artifacts_dir: movieflix/artifacts
        artifacts.raw_local_data_dir: movieflix/artifacts/raw_local_data_dir
        data_source.ratings: https://drive.google.com/uc?id=13avH15UI7rS4NwrKQd4cSfIbLdVtHOYO
    outs:
    - path: movieflix/artifacts/raw_local_data_dir/ratings.csv
      hash: md5
      md5: 8864480f98416ccecaf17aa5263bbea1
      size: 2438266
  data_cleaning:
    cmd: python src/stage_02_data_cleaning.py --config=params.yaml
    deps:
    - path: movieflix/artifacts/raw_local_data_dir/movies_md.csv
      hash: md5
      md5: d309a4f3f9b7e2d33f0ad37cb60ba1b2
      size: 34672503
    - path: movieflix/artifacts/raw_local_data_dir/ratings.csv
      hash: md5
      md5: 8864480f98416ccecaf17aa5263bbea1
      size: 2438266
    - path: src/stage_02_data_cleaning.py
      hash: md5
      md5: a8c52dcbd6bc135052b3e5c39edbb8e1
      size: 2544
    - path: src/utils/common_utils.py
      hash: md5
      md5: eb690a98a985f2cf4ffce2eec3991ece
      size: 1253
    params:
      params.yaml:
        artifacts.clean_local_data_dir: movieflix/artifacts/clean_local_data_dir
        artifacts.datasets:
        - ratings.csv
        - movies_md.csv
        artifacts.raw_local_data_dir: movieflix/artifacts/raw_local_data_dir
    outs:
    - path: movieflix/artifacts/clean_local_data_dir/clean_data.csv
      hash: md5
      md5: 0db7a470e47944a1673bfc15c20adf17
      size: 712310
  train_test_split:
    cmd: python src/stage_03_train_test_split.py --config=params.yaml --model=model_based
    deps:
    - path: movieflix/artifacts/clean_local_data_dir/clean_data.csv
      hash: md5
      md5: 0db7a470e47944a1673bfc15c20adf17
      size: 712310
    - path: src/stage_03_train_test_split.py
      hash: md5
      md5: b62f6db902e48ee418bbbe9aab07752f
      size: 3077
    - path: src/utils/common_utils.py
      hash: md5
      md5: eb690a98a985f2cf4ffce2eec3991ece
      size: 1253
    params:
      params.yaml:
        artifacts.clean_local_data_dir: movieflix/artifacts/clean_local_data_dir
        artifacts.latest_model_dir: movieflix/artifacts/latest_model_dir
        artifacts.test_data_dir: movieflix/artifacts/test_data_dir
        artifacts.train_data_dir: movieflix/artifacts/train_data_dir
        model.memory_based.item_item_based:
          project: similarity-movie-recommender-system
          random_state: 42
          train_size: 0.8
          test_size: 0.2
        model.memory_based.user_user_based:
          project: similarity-movie-recommender-system
          random_state: 42
          train_size: 0.8
          test_size: 0.2
        model.model_based.random_state: 42
        model.model_based.train_size: 0.8
    outs:
    - path: movieflix/artifacts/test_data_dir/test.csv
      hash: md5
      md5: 219f8f1e4fed62c620874f571d97429e
      size: 142497
    - path: movieflix/artifacts/train_data_dir/train.csv
      hash: md5
      md5: 5e179a31d920510feb9cdb21a84fb9cc
      size: 569846
  train:
    cmd: python src/stage_04_train.py --config=params.yaml --model=model_based
    deps:
    - path: movieflix/artifacts/train_data_dir/train.csv
      hash: md5
      md5: 5e179a31d920510feb9cdb21a84fb9cc
      size: 569846
    - path: src/stage_04_train.py
      hash: md5
      md5: 8c27a91bfdf41cf121f69d29b2bf47be
      size: 4907
    - path: src/utils/common_utils.py
      hash: md5
      md5: eb690a98a985f2cf4ffce2eec3991ece
      size: 1253
    params:
      params.yaml:
        artifacts.latest_model_dir: movieflix/artifacts/latest_model_dir
        artifacts.train_data_dir: movieflix/artifacts/train_data_dir
    outs:
    - path: movieflix/artifacts/latest_model_dir/model.sav
      hash: md5
      md5: 747cb155e12feac6b16c28d16f3f7478
      size: 2299692
  evaluate:
    cmd: python src/stage_05_evaluate.py --config=params.yaml --model=model_based
    deps:
    - path: movieflix/artifacts/latest_model_dir/model.sav
      hash: md5
      md5: 747cb155e12feac6b16c28d16f3f7478
      size: 2299692
    - path: movieflix/artifacts/test_data_dir/test.csv
      hash: md5
      md5: 219f8f1e4fed62c620874f571d97429e
      size: 142497
    - path: movieflix/artifacts/train_data_dir/train.csv
      hash: md5
      md5: 5e179a31d920510feb9cdb21a84fb9cc
      size: 569846
    - path: src/stage_05_evaluate.py
      hash: md5
      md5: 67f589734399979ca807b21ee6caf436
      size: 4447
    - path: src/utils/common_utils.py
      hash: md5
      md5: eb690a98a985f2cf4ffce2eec3991ece
      size: 1253
    params:
      params.yaml:
        artifacts.latest_model_dir: movieflix/artifacts/latest_model_dir
        artifacts.metrics_dir: movieflix/artifacts/metrics_dir
        artifacts.test_data_dir: movieflix/artifacts/test_data_dir
        artifacts.train_data_dir: movieflix/artifacts/train_data_dir
    outs:
    - path: movieflix/artifacts/metrics_dir/metrics.csv
      hash: md5
      md5: 9b5ef1fb6128b1ae3b49acc4d6c4b01d
      size: 199
    - path: movieflix/artifacts/metrics_dir/metrics.png
      hash: md5
      md5: dc1c70bde82ff4ea6dde0102b764516c
      size: 27987
